
Microsoft Visual Studio Solution File, Format Version 12.00
# Visual Studio Version 17
VisualStudioVersion = 17.11.35327.3
MinimumVisualStudioVersion = 10.0.40219.1
Project("{FAE04EC0-301F-11D3-BF4B-00C04F79EFBC}") = "implementación de queue", "implementación de queue\implementación de queue.csproj", "{9395237D-A824-4F87-8B96-A16CDB6ACC9F}"
EndProject
Global
	GlobalSection(SolutionConfigurationPlatforms) = preSolution
		Debug|Any CPU = Debug|Any CPU
		Release|Any CPU = Release|Any CPU
	EndGlobalSection
	GlobalSection(ProjectConfigurationPlatforms) = postSolution
		{9395237D-A824-4F87-8B96-A16CDB6ACC9F}.Debug|Any CPU.ActiveCfg = Debug|Any CPU
		{9395237D-A824-4F87-8B96-A16CDB6ACC9F}.Debug|Any CPU.Build.0 = Debug|Any CPU
		{9395237D-A824-4F87-8B96-A16CDB6ACC9F}.Release|Any CPU.ActiveCfg = Release|Any CPU
		{9395237D-A824-4F87-8B96-A16CDB6ACC9F}.Release|Any CPU.Build.0 = Release|Any CPU
	EndGlobalSection
	GlobalSection(SolutionProperties) = preSolution
		HideSolutionNode = FALSE
	EndGlobalSection
	GlobalSection(ExtensibilityGlobals) = postSolution
		SolutionGuid = {3DEFB7F6-C39C-4DE0-8ED9-D1966A62DB0C}
	EndGlobalSection
EndGlobal
